// !$*UTF8*$!
{
	archiveVersion = 1;
	classes = {
	};
	objectVersion = 46;
	objects = {

/* Begin PBXBuildFile section */
		F63F093C1D7EB354007B71C4 /* main.m in Sources */ = {isa = PBXBuildFile; fileRef = F63F093B1D7EB354007B71C4 /* main.m */; };
		F63F093F1D7EB354007B71C4 /* AppDelegate.m in Sources */ = {isa = PBXBuildFile; fileRef = F63F093E1D7EB354007B71C4 /* AppDelegate.m */; };
		F63F09421D7EB354007B71C4 /* ViewController.m in Sources */ = {isa = PBXBuildFile; fileRef = F63F09411D7EB354007B71C4 /* ViewController.m */; };
		F63F09451D7EB355007B71C4 /* Main.storyboard in Resources */ = {isa = PBXBuildFile; fileRef = F63F09431D7EB354007B71C4 /* Main.storyboard */; };
		F63F09471D7EB355007B71C4 /* Assets.xcassets in Resources */ = {isa = PBXBuildFile; fileRef = F63F09461D7EB355007B71C4 /* Assets.xcassets */; };
		F63F094A1D7EB355007B71C4 /* LaunchScreen.storyboard in Resources */ = {isa = PBXBuildFile; fileRef = F63F09481D7EB355007B71C4 /* LaunchScreen.storyboard */; };
		F63F09551D7EB355007B71C4 /* ChooseAndSearchViewUITests.m in Sources */ = {isa = PBXBuildFile; fileRef = F63F09541D7EB355007B71C4 /* ChooseAndSearchViewUITests.m */; };
		F63F09611D7EB3BA007B71C4 /* SeachAndChooseView.m in Sources */ = {isa = PBXBuildFile; fileRef = F63F09601D7EB3BA007B71C4 /* SeachAndChooseView.m */; };
		F63F09641D7EB3D9007B71C4 /* SeachAndChooseView.xib in Resources */ = {isa = PBXBuildFile; fileRef = F63F09631D7EB3D9007B71C4 /* SeachAndChooseView.xib */; };
		F64799C31D7FDC1C00E1C0B2 /* SearchInfo.m in Sources */ = {isa = PBXBuildFile; fileRef = F64799C21D7FDC1C00E1C0B2 /* SearchInfo.m */; };
		F64799C71D80012400E1C0B2 /* SimpleCell.xib in Resources */ = {isa = PBXBuildFile; fileRef = F64799C41D80012400E1C0B2 /* SimpleCell.xib */; };
		F64799C81D80012400E1C0B2 /* SimpleCell.m in Sources */ = {isa = PBXBuildFile; fileRef = F64799C61D80012400E1C0B2 /* SimpleCell.m */; };
/* End PBXBuildFile section */

/* Begin PBXContainerItemProxy section */
		F63F09511D7EB355007B71C4 /* PBXContainerItemProxy */ = {
			isa = PBXContainerItemProxy;
			containerPortal = F63F092F1D7EB354007B71C4 /* Project object */;
			proxyType = 1;
			remoteGlobalIDString = F63F09361D7EB354007B71C4;
			remoteInfo = ChooseAndSearchView;
		};
/* End PBXContainerItemProxy section */

/* Begin PBXFileReference section */
		F63F09371D7EB354007B71C4 /* ChooseAndSearchView.app */ = {isa = PBXFileReference; explicitFileType = wrapper.application; includeInIndex = 0; path = ChooseAndSearchView.app; sourceTree = BUILT_PRODUCTS_DIR; };
		F63F093B1D7EB354007B71C4 /* main.m */ = {isa = PBXFileReference; lastKnownFileType = sourcecode.c.objc; path = main.m; sourceTree = "<group>"; };
		F63F093D1D7EB354007B71C4 /* AppDelegate.h */ = {isa = PBXFileReference; lastKnownFileType = sourcecode.c.h; path = AppDelegate.h; sourceTree = "<group>"; };
		F63F093E1D7EB354007B71C4 /* AppDelegate.m */ = {isa = PBXFileReference; lastKnownFileType = sourcecode.c.objc; path = AppDelegate.m; sourceTree = "<group>"; };
		F63F09401D7EB354007B71C4 /* ViewController.h */ = {isa = PBXFileReference; lastKnownFileType = sourcecode.c.h; path = ViewController.h; sourceTree = "<group>"; };
		F63F09411D7EB354007B71C4 /* ViewController.m */ = {isa = PBXFileReference; lastKnownFileType = sourcecode.c.objc; path = ViewController.m; sourceTree = "<group>"; };
		F63F09441D7EB355007B71C4 /* Base */ = {isa = PBXFileReference; lastKnownFileType = file.storyboard; name = Base; path = Base.lproj/Main.storyboard; sourceTree = "<group>"; };
		F63F09461D7EB355007B71C4 /* Assets.xcassets */ = {isa = PBXFileReference; lastKnownFileType = folder.assetcatalog; path = Assets.xcassets; sourceTree = "<group>"; };
		F63F09491D7EB355007B71C4 /* Base */ = {isa = PBXFileReference; lastKnownFileType = file.storyboard; name = Base; path = Base.lproj/LaunchScreen.storyboard; sourceTree = "<group>"; };
		F63F094B1D7EB355007B71C4 /* Info.plist */ = {isa = PBXFileReference; lastKnownFileType = text.plist.xml; path = Info.plist; sourceTree = "<group>"; };
		F63F09501D7EB355007B71C4 /* ChooseAndSearchViewUITests.xctest */ = {isa = PBXFileReference; explicitFileType = wrapper.cfbundle; includeInIndex = 0; path = ChooseAndSearchViewUITests.xctest; sourceTree = BUILT_PRODUCTS_DIR; };
		F63F09541D7EB355007B71C4 /* ChooseAndSearchViewUITests.m */ = {isa = PBXFileReference; lastKnownFileType = sourcecode.c.objc; path = ChooseAndSearchViewUITests.m; sourceTree = "<group>"; };
		F63F09561D7EB355007B71C4 /* Info.plist */ = {isa = PBXFileReference; lastKnownFileType = text.plist.xml; path = Info.plist; sourceTree = "<group>"; };
		F63F095F1D7EB3BA007B71C4 /* SeachAndChooseView.h */ = {isa = PBXFileReference; fileEncoding = 4; lastKnownFileType = sourcecode.c.h; name = SeachAndChooseView.h; path = SearchAndChooseView/SeachAndChooseView.h; sourceTree = "<group>"; };
		F63F09601D7EB3BA007B71C4 /* SeachAndChooseView.m */ = {isa = PBXFileReference; fileEncoding = 4; lastKnownFileType = sourcecode.c.objc; name = SeachAndChooseView.m; path = SearchAndChooseView/SeachAndChooseView.m; sourceTree = "<group>"; };
		F63F09631D7EB3D9007B71C4 /* SeachAndChooseView.xib */ = {isa = PBXFileReference; fileEncoding = 4; lastKnownFileType = file.xib; name = SeachAndChooseView.xib; path = SearchAndChooseView/SeachAndChooseView.xib; sourceTree = "<group>"; };
		F64799C11D7FDC1C00E1C0B2 /* SearchInfo.h */ = {isa = PBXFileReference; fileEncoding = 4; lastKnownFileType = sourcecode.c.h; name = SearchInfo.h; path = SearchAndChooseView/SearchInfo.h; sourceTree = "<group>"; };
		F64799C21D7FDC1C00E1C0B2 /* SearchInfo.m */ = {isa = PBXFileReference; fileEncoding = 4; lastKnownFileType = sourcecode.c.objc; name = SearchInfo.m; path = SearchAndChooseView/SearchInfo.m; sourceTree = "<group>"; };
		F64799C41D80012400E1C0B2 /* SimpleCell.xib */ = {isa = PBXFileReference; fileEncoding = 4; lastKnownFileType = file.xib; name = SimpleCell.xib; path = SearchAndChooseView/SimpleCell.xib; sourceTree = "<group>"; };
		F64799C51D80012400E1C0B2 /* SimpleCell.h */ = {isa = PBXFileReference; fileEncoding = 4; lastKnownFileType = sourcecode.c.h; name = SimpleCell.h; path = SearchAndChooseView/SimpleCell.h; sourceTree = "<group>"; };
		F64799C61D80012400E1C0B2 /* SimpleCell.m */ = {isa = PBXFileReference; fileEncoding = 4; lastKnownFileType = sourcecode.c.objc; name = SimpleCell.m; path = SearchAndChooseView/SimpleCell.m; sourceTree = "<group>"; };
/* End PBXFileReference section */

/* Begin PBXFrameworksBuildPhase section */
		F63F09341D7EB354007B71C4 /* Frameworks */ = {
			isa = PBXFrameworksBuildPhase;
			buildActionMask = 2147483647;
			files = (
			);
			runOnlyForDeploymentPostprocessing = 0;
		};
		F63F094D1D7EB355007B71C4 /* Frameworks */ = {
			isa = PBXFrameworksBuildPhase;
			buildActionMask = 2147483647;
			files = (
			);
			runOnlyForDeploymentPostprocessing = 0;
		};
/* End PBXFrameworksBuildPhase section */

/* Begin PBXGroup section */
		F63F092E1D7EB354007B71C4 = {
			isa = PBXGroup;
			children = (
				F63F09391D7EB354007B71C4 /* ChooseAndSearchView */,
				F63F09531D7EB355007B71C4 /* ChooseAndSearchViewUITests */,
				F63F09381D7EB354007B71C4 /* Products */,
			);
			sourceTree = "<group>";
		};
		F63F09381D7EB354007B71C4 /* Products */ = {
			isa = PBXGroup;
			children = (
				F63F09371D7EB354007B71C4 /* ChooseAndSearchView.app */,
				F63F09501D7EB355007B71C4 /* ChooseAndSearchViewUITests.xctest */,
			);
			name = Products;
			sourceTree = "<group>";
		};
		F63F09391D7EB354007B71C4 /* ChooseAndSearchView */ = {
			isa = PBXGroup;
			children = (
				F63F093D1D7EB354007B71C4 /* AppDelegate.h */,
				F63F093E1D7EB354007B71C4 /* AppDelegate.m */,
				F63F09401D7EB354007B71C4 /* ViewController.h */,
				F63F09411D7EB354007B71C4 /* ViewController.m */,
				F63F09621D7EB3C1007B71C4 /* SeachAndChooseView */,
				F63F09431D7EB354007B71C4 /* Main.storyboard */,
				F63F09461D7EB355007B71C4 /* Assets.xcassets */,
				F63F09481D7EB355007B71C4 /* LaunchScreen.storyboard */,
				F63F094B1D7EB355007B71C4 /* Info.plist */,
				F63F093A1D7EB354007B71C4 /* Supporting Files */,
			);
			path = ChooseAndSearchView;
			sourceTree = "<group>";
		};
		F63F093A1D7EB354007B71C4 /* Supporting Files */ = {
			isa = PBXGroup;
			children = (
				F63F093B1D7EB354007B71C4 /* main.m */,
			);
			name = "Supporting Files";
			sourceTree = "<group>";
		};
		F63F09531D7EB355007B71C4 /* ChooseAndSearchViewUITests */ = {
			isa = PBXGroup;
			children = (
				F63F09541D7EB355007B71C4 /* ChooseAndSearchViewUITests.m */,
				F63F09561D7EB355007B71C4 /* Info.plist */,
			);
			path = ChooseAndSearchViewUITests;
			sourceTree = "<group>";
		};
		F63F09621D7EB3C1007B71C4 /* SeachAndChooseView */ = {
			isa = PBXGroup;
			children = (
				F63F095F1D7EB3BA007B71C4 /* SeachAndChooseView.h */,
				F63F09601D7EB3BA007B71C4 /* SeachAndChooseView.m */,
				F63F09631D7EB3D9007B71C4 /* SeachAndChooseView.xib */,
				F64799C11D7FDC1C00E1C0B2 /* SearchInfo.h */,
				F64799C21D7FDC1C00E1C0B2 /* SearchInfo.m */,
				F64799C51D80012400E1C0B2 /* SimpleCell.h */,
				F64799C61D80012400E1C0B2 /* SimpleCell.m */,
				F64799C41D80012400E1C0B2 /* SimpleCell.xib */,
			);
			name = SeachAndChooseView;
			sourceTree = "<group>";
		};
/* End PBXGroup section */

/* Begin PBXNativeTarget section */
		F63F09361D7EB354007B71C4 /* ChooseAndSearchView */ = {
			isa = PBXNativeTarget;
			buildConfigurationList = F63F09591D7EB355007B71C4 /* Build configuration list for PBXNativeTarget "ChooseAndSearchView" */;
			buildPhases = (
				F63F09331D7EB354007B71C4 /* Sources */,
				F63F09341D7EB354007B71C4 /* Frameworks */,
				F63F09351D7EB354007B71C4 /* Resources */,
			);
			buildRules = (
			);
			dependencies = (
			);
			name = ChooseAndSearchView;
			productName = ChooseAndSearchView;
			productReference = F63F09371D7EB354007B71C4 /* ChooseAndSearchView.app */;
			productType = "com.apple.product-type.application";
		};
		F63F094F1D7EB355007B71C4 /* ChooseAndSearchViewUITests */ = {
			isa = PBXNativeTarget;
			buildConfigurationList = F63F095C1D7EB355007B71C4 /* Build configuration list for PBXNativeTarget "ChooseAndSearchViewUITests" */;
			buildPhases = (
				F63F094C1D7EB355007B71C4 /* Sources */,
				F63F094D1D7EB355007B71C4 /* Frameworks */,
				F63F094E1D7EB355007B71C4 /* Resources */,
			);
			buildRules = (
			);
			dependencies = (
				F63F09521D7EB355007B71C4 /* PBXTargetDependency */,
			);
			name = ChooseAndSearchViewUITests;
			productName = ChooseAndSearchViewUITests;
			productReference = F63F09501D7EB355007B71C4 /* ChooseAndSearchViewUITests.xctest */;
			productType = "com.apple.product-type.bundle.ui-testing";
		};
/* End PBXNativeTarget section */

/* Begin PBXProject section */
		F63F092F1D7EB354007B71C4 /* Project object */ = {
			isa = PBXProject;
			attributes = {
				LastUpgradeCheck = 0730;
				ORGANIZATIONNAME = yunwangnet.com;
				TargetAttributes = {
					F63F09361D7EB354007B71C4 = {
						CreatedOnToolsVersion = 7.3.1;
					};
					F63F094F1D7EB355007B71C4 = {
						CreatedOnToolsVersion = 7.3.1;
						TestTargetID = F63F09361D7EB354007B71C4;
					};
				};
			};
			buildConfigurationList = F63F09321D7EB354007B71C4 /* Build configuration list for PBXProject "ChooseAndSearchView" */;
			compatibilityVersion = "Xcode 3.2";
			developmentRegion = English;
			hasScannedForEncodings = 0;
			knownRegions = (
				en,
				Base,
			);
			mainGroup = F63F092E1D7EB354007B71C4;
			productRefGroup = F63F09381D7EB354007B71C4 /* Products */;
			projectDirPath = "";
			projectRoot = "";
			targets = (
				F63F09361D7EB354007B71C4 /* ChooseAndSearchView */,
				F63F094F1D7EB355007B71C4 /* ChooseAndSearchViewUITests */,
			);
		};
/* End PBXProject section */

/* Begin PBXResourcesBuildPhase section */
		F63F09351D7EB354007B71C4 /* Resources */ = {
			isa = PBXResourcesBuildPhase;
			buildActionMask = 2147483647;
			files = (
				F63F094A1D7EB355007B71C4 /* LaunchScreen.storyboard in Resources */,
				F63F09471D7EB355007B71C4 /* Assets.xcassets in Resources */,
				F64799C71D80012400E1C0B2 /* SimpleCell.xib in Resources */,
				F63F09641D7EB3D9007B71C4 /* SeachAndChooseView.xib in Resources */,
				F63F09451D7EB355007B71C4 /* Main.storyboard in Resources */,
			);
			runOnlyForDeploymentPostprocessing = 0;
		};
		F63F094E1D7EB355007B71C4 /* Resources */ = {
			isa = PBXResourcesBuildPhase;
			buildActionMask = 2147483647;
			files = (
			);
			runOnlyForDeploymentPostprocessing = 0;
		};
/* End PBXResourcesBuildPhase section */

/* Begin PBXSourcesBuildPhase section */
		F63F09331D7EB354007B71C4 /* Sources */ = {
			isa = PBXSourcesBuildPhase;
			buildActionMask = 2147483647;
			files = (
				F64799C31D7FDC1C00E1C0B2 /* SearchInfo.m in Sources */,
				F63F09421D7EB354007B71C4 /* ViewController.m in Sources */,
				F63F093F1D7EB354007B71C4 /* AppDelegate.m in Sources */,
				F63F09611D7EB3BA007B71C4 /* SeachAndChooseView.m in Sources */,
				F63F093C1D7EB354007B71C4 /* main.m in Sources */,
				F64799C81D80012400E1C0B2 /* SimpleCell.m in Sources */,
			);
			runOnlyForDeploymentPostprocessing = 0;
		};
		F63F094C1D7EB355007B71C4 /* Sources */ = {
			isa = PBXSourcesBuildPhase;
			buildActionMask = 2147483647;
			files = (
				F63F09551D7EB355007B71C4 /* ChooseAndSearchViewUITests.m in Sources */,
			);
			runOnlyForDeploymentPostprocessing = 0;
		};
/* End PBXSourcesBuildPhase section */

/* Begin PBXTargetDependency section */
		F63F09521D7EB355007B71C4 /* PBXTargetDependency */ = {
			isa = PBXTargetDependency;
			target = F63F09361D7EB354007B71C4 /* ChooseAndSearchView */;
			targetProxy = F63F09511D7EB355007B71C4 /* PBXContainerItemProxy */;
		};
/* End PBXTargetDependency section */

/* Begin PBXVariantGroup section */
		F63F09431D7EB354007B71C4 /* Main.storyboard */ = {
			isa = PBXVariantGroup;
			children = (
				F63F09441D7EB355007B71C4 /* Base */,
			);
			name = Main.storyboard;
			sourceTree = "<group>";
		};
		F63F09481D7EB355007B71C4 /* LaunchScreen.storyboard */ = {
			isa = PBXVariantGroup;
			children = (
				F63F09491D7EB355007B71C4 /* Base */,
			);
			name = LaunchScreen.storyboard;
			sourceTree = "<group>";
		};
/* End PBXVariantGroup section */

/* Begin XCBuildConfiguration section */
		F63F09571D7EB355007B71C4 /* Debug */ = {
			isa = XCBuildConfiguration;
			buildSettings = {
				ALWAYS_SEARCH_USER_PATHS = NO;
				CLANG_ANALYZER_NONNULL = YES;
				CLANG_CXX_LANGUAGE_STANDARD = "gnu++0x";
				CLANG_CXX_LIBRARY = "libc++";
				CLANG_ENABLE_MODULES = YES;
				CLANG_ENABLE_OBJC_ARC = YES;
				CLANG_WARN_BOOL_CONVERSION = YES;
				CLANG_WARN_CONSTANT_CONVERSION = YES;
				CLANG_WARN_DIRECT_OBJC_ISA_USAGE = YES_ERROR;
				CLANG_WARN_EMPTY_BODY = YES;
				CLANG_WARN_ENUM_CONVERSION = YES;
				CLANG_WARN_INT_CONVERSION = YES;
				CLANG_WARN_OBJC_ROOT_CLASS = YES_ERROR;
				CLANG_WARN_UNREACHABLE_CODE = YES;
				CLANG_WARN__DUPLICATE_METHOD_MATCH = YES;
				"CODE_SIGN_IDENTITY[sdk=iphoneos*]" = "iPhone Developer";
				COPY_PHASE_STRIP = NO;
				DEBUG_INFORMATION_FORMAT = dwarf;
				ENABLE_STRICT_OBJC_MSGSEND = YES;
				ENABLE_TESTABILITY = YES;
				GCC_C_LANGUAGE_STANDARD = gnu99;
				GCC_DYNAMIC_NO_PIC = NO;
				GCC_NO_COMMON_BLOCKS = YES;
				GCC_OPTIMIZATION_LEVEL = 0;
				GCC_PREPROCESSOR_DEFINITIONS = (
					"DEBUG=1",
					"$(inherited)",
				);
				GCC_WARN_64_TO_32_BIT_CONVERSION = YES;
				GCC_WARN_ABOUT_RETURN_TYPE = YES_ERROR;
				GCC_WARN_UNDECLARED_SELECTOR = YES;
				GCC_WARN_UNINITIALIZED_AUTOS = YES_AGGRESSIVE;
				GCC_WARN_UNUSED_FUNCTION = YES;
				GCC_WARN_UNUSED_VARIABLE = YES;
				IPHONEOS_DEPLOYMENT_TARGET = 9.3;
				MTL_ENABLE_DEBUG_INFO = YES;
				ONLY_ACTIVE_ARCH = YES;
				SDKROOT = iphoneos;
				TARGETED_DEVICE_FAMILY = "1,2";
			};
			name = Debug;
		};
		F63F09581D7EB355007B71C4 /* Release */ = {
			isa = XCBuildConfiguration;
			buildSettings = {
				ALWAYS_SEARCH_USER_PATHS = NO;
				CLANG_ANALYZER_NONNULL = YES;
				CLANG_CXX_LANGUAGE_STANDARD = "gnu++0x";
				CLANG_CXX_LIBRARY = "libc++";
				CLANG_ENABLE_MODULES = YES;
				CLANG_ENABLE_OBJC_ARC = YES;
				CLANG_WARN_BOOL_CONVERSION = YES;
				CLANG_WARN_CONSTANT_CONVERSION = YES;
				CLANG_WARN_DIRECT_OBJC_ISA_USAGE = YES_ERROR;
				CLANG_WARN_EMPTY_BODY = YES;
				CLANG_WARN_ENUM_CONVERSION = YES;
				CLANG_WARN_INT_CONVERSION = YES;
				CLANG_WARN_OBJC_ROOT_CLASS = YES_ERROR;
				CLANG_WARN_UNREACHABLE_CODE = YES;
				CLANG_WARN__DUPLICATE_METHOD_MATCH = YES;
				"CODE_SIGN_IDENTITY[sdk=iphoneos*]" = "iPhone Developer";
				COPY_PHASE_STRIP = NO;
				DEBUG_INFORMATION_FORMAT = "dwarf-with-dsym";
				ENABLE_NS_ASSERTIONS = NO;
				ENABLE_STRICT_OBJC_MSGSEND = YES;
				GCC_C_LANGUAGE_STANDARD = gnu99;
				GCC_NO_COMMON_BLOCKS = YES;
				GCC_WARN_64_TO_32_BIT_CONVERSION = YES;
				GCC_WARN_ABOUT_RETURN_TYPE = YES_ERROR;
				GCC_WARN_UNDECLARED_SELECTOR = YES;
				GCC_WARN_UNINITIALIZED_AUTOS = YES_AGGRESSIVE;
				GCC_WARN_UNUSED_FUNCTION = YES;
				GCC_WARN_UNUSED_VARIABLE = YES;
				IPHONEOS_DEPLOYMENT_TARGET = 9.3;
				MTL_ENABLE_DEBUG_INFO = NO;
				SDKROOT = iphoneos;
				TARGETED_DEVICE_FAMILY = "1,2";
				VALIDATE_PRODUCT = YES;
			};
			name = Release;
		};
		F63F095A1D7EB355007B71C4 /* Debug */ = {
			isa = XCBuildConfiguration;
			buildSettings = {
				ASSETCATALOG_COMPILER_APPICON_NAME = AppIcon;
				INFOPLIST_FILE = ChooseAndSearchView/Info.plist;
				LD_RUNPATH_SEARCH_PATHS = "$(inherited) @executable_path/Frameworks";
				PRODUCT_BUNDLE_IDENTIFIER = yunwangnet.com.ChooseAndSearchView;
				PRODUCT_NAME = "$(TARGET_NAME)";
			};
			name = Debug;
		};
		F63F095B1D7EB355007B71C4 /* Release */ = {
			isa = XCBuildConfiguration;
			buildSettings = {
				ASSETCATALOG_COMPILER_APPICON_NAME = AppIcon;
				INFOPLIST_FILE = ChooseAndSearchView/Info.plist;
				LD_RUNPATH_SEARCH_PATHS = "$(inherited) @executable_path/Frameworks";
				PRODUCT_BUNDLE_IDENTIFIER = yunwangnet.com.ChooseAndSearchView;
				PRODUCT_NAME = "$(TARGET_NAME)";
			};
			name = Release;
		};
		F63F095D1D7EB355007B71C4 /* Debug */ = {
			isa = XCBuildConfiguration;
			buildSettings = {
				INFOPLIST_FILE = ChooseAndSearchViewUITests/Info.plist;
				LD_RUNPATH_SEARCH_PATHS = "$(inherited) @executable_path/Frameworks @loader_path/Frameworks";
				PRODUCT_BUNDLE_IDENTIFIER = yunwangnet.com.ChooseAndSearchViewUITests;
				PRODUCT_NAME = "$(TARGET_NAME)";
				TEST_TARGET_NAME = ChooseAndSearchView;
			};
			name = Debug;
		};
		F63F095E1D7EB355007B71C4 /* Release */ = {
			isa = XCBuildConfiguration;
			buildSettings = {
				INFOPLIST_FILE = ChooseAndSearchViewUITests/Info.plist;
				LD_RUNPATH_SEARCH_PATHS = "$(inherited) @executable_path/Frameworks @loader_path/Frameworks";
				PRODUCT_BUNDLE_IDENTIFIER = yunwangnet.com.ChooseAndSearchViewUITests;
				PRODUCT_NAME = "$(TARGET_NAME)";
				TEST_TARGET_NAME = ChooseAndSearchView;
			};
			name = Release;
		};
/* End XCBuildConfiguration section */

/* Begin XCConfigurationList section */
		F63F09321D7EB354007B71C4 /* Build configuration list for PBXProject "ChooseAndSearchView" */ = {
			isa = XCConfigurationList;
			buildConfigurations = (
				F63F09571D7EB355007B71C4 /* Debug */,
				F63F09581D7EB355007B71C4 /* Release */,
			);
			defaultConfigurationIsVisible = 0;
			defaultConfigurationName = Release;
		};
		F63F09591D7EB355007B71C4 /* Build configuration list for PBXNativeTarget "ChooseAndSearchView" */ = {
			isa = XCConfigurationList;
			buildConfigurations = (
				F63F095A1D7EB355007B71C4 /* Debug */,
				F63F095B1D7EB355007B71C4 /* Release */,
			);
			defaultConfigurationIsVisible = 0;
			defaultConfigurationName = Release;
		};
		F63F095C1D7EB355007B71C4 /* Build configuration list for PBXNativeTarget "ChooseAndSearchViewUITests" */ = {
			isa = XCConfigurationList;
			buildConfigurations = (
				F63F095D1D7EB355007B71C4 /* Debug */,
				F63F095E1D7EB355007B71C4 /* Release */,
			);
			defaultConfigurationIsVisible = 0;
			defaultConfigurationName = Release;
		};
/* End XCConfigurationList section */
	};
	rootObject = F63F092F1D7EB354007B71C4 /* Project object */;
}
